
Microsoft Visual Studio Solution File, Format Version 12.00
# Visual Studio Version 16
VisualStudioVersion = 16.0.29920.165
MinimumVisualStudioVersion = 10.0.40219.1
Project("{FAE04EC0-301F-11D3-BF4B-00C04F79EFBC}") = "BlobArchiveFunction", "BlobArchiveFunction\BlobArchiveFunction.csproj", "{A883AB9A-AADE-427B-AD70-8DB4116D8845}"
EndProject
Global
	GlobalSection(SolutionConfigurationPlatforms) = preSolution
		Debug|Any CPU = Debug|Any CPU
		Release|Any CPU = Release|Any CPU
	EndGlobalSection
	GlobalSection(ProjectConfigurationPlatforms) = postSolution
		{A883AB9A-AADE-427B-AD70-8DB4116D8845}.Debug|Any CPU.ActiveCfg = Debug|Any CPU
		{A883AB9A-AADE-427B-AD70-8DB4116D8845}.Debug|Any CPU.Build.0 = Debug|Any CPU
		{A883AB9A-AADE-427B-AD70-8DB4116D8845}.Release|Any CPU.ActiveCfg = Release|Any CPU
		{A883AB9A-AADE-427B-AD70-8DB4116D8845}.Release|Any CPU.Build.0 = Release|Any CPU
	EndGlobalSection
	GlobalSection(SolutionProperties) = preSolution
		HideSolutionNode = FALSE
	EndGlobalSection
	GlobalSection(ExtensibilityGlobals) = postSolution
		SolutionGuid = {9F7CE53B-BC72-453C-AEC4-4D6206579D65}
	EndGlobalSection
EndGlobal
